
Microsoft Visual Studio Solution File, Format Version 12.00
# Visual Studio Version 16
VisualStudioVersion = 16.0.30204.135
MinimumVisualStudioVersion = 10.0.40219.1
Project("{9A19103F-16F7-4668-BE54-9A1E7A4F7556}") = "Restaurant-Website", "Restaurant-Website\Restaurant-Website.csproj", "{2CAD133D-925B-4469-A076-08D076449FC6}"
EndProject
Project("{2150E333-8FDC-42A3-9474-1A3956D46DE8}") = "Domain", "Domain", "{B0664534-AC53-47C3-A0DE-864C4A37FA1B}"
EndProject
Project("{9A19103F-16F7-4668-BE54-9A1E7A4F7556}") = "Restaurant-Website.Domain.Core", "Domain\Core\Restaurant-Website.Domain.Core.csproj", "{A1B19C5B-F383-493B-ADE3-7D0E4D81DF11}"
EndProject
Project("{9A19103F-16F7-4668-BE54-9A1E7A4F7556}") = "Restaurant_Website.Domain.Interfaces", "Domain\Interfaces\Restaurant_Website.Domain.Interfaces.csproj", "{0C90A475-136A-4EE5-B41C-17E56A709F41}"
EndProject
Project("{2150E333-8FDC-42A3-9474-1A3956D46DE8}") = "Infrastructure", "Infrastructure", "{600B7958-11CB-4200-9EC6-71A1DCCF05CF}"
EndProject
Project("{9A19103F-16F7-4668-BE54-9A1E7A4F7556}") = "Restaurant_Website.Infrastructure.Data", "Infrastructure\Data\Restaurant_Website.Infrastructure.Data.csproj", "{627BBDC2-5D2D-4D2E-A49C-D0941CE368DB}"
EndProject
Project("{9A19103F-16F7-4668-BE54-9A1E7A4F7556}") = "Restaurant_Website.Infrastructure.Middlewares", "Infrastructure\Middlewares\Restaurant_Website.Infrastructure.Middlewares.csproj", "{4F8A256B-6002-4F82-B03A-AA7E237B4A57}"
EndProject
Project("{2150E333-8FDC-42A3-9474-1A3956D46DE8}") = "Services", "Services", "{AEA59A8F-AA62-4E0A-8033-578B7A55033E}"
EndProject
Project("{9A19103F-16F7-4668-BE54-9A1E7A4F7556}") = "Restaurant_Website.Services.Interfaces", "Services\Interfaces\Restaurant_Website.Services.Interfaces.csproj", "{09C83C99-CAF9-467E-A171-887E847F5649}"
EndProject
Project("{9A19103F-16F7-4668-BE54-9A1E7A4F7556}") = "Restaurant_Website.Services.Implementations", "Services\Implementations\Restaurant_Website.Services.Implementations.csproj", "{BF1030A4-D702-44CF-BF42-3F24FAF09A11}"
EndProject
Project("{FAE04EC0-301F-11D3-BF4B-00C04F79EFBC}") = "Restaurant_Website.Infrastructure.Extensions", "Restaurant_Website.Infrastructure.Extensions\Restaurant_Website.Infrastructure.Extensions.csproj", "{851FEA47-95E6-4B8C-B5ED-BC1B793523AD}"
EndProject
Global
	GlobalSection(SolutionConfigurationPlatforms) = preSolution
		Debug|Any CPU = Debug|Any CPU
		Release|Any CPU = Release|Any CPU
	EndGlobalSection
	GlobalSection(ProjectConfigurationPlatforms) = postSolution
		{2CAD133D-925B-4469-A076-08D076449FC6}.Debug|Any CPU.ActiveCfg = Debug|Any CPU
		{2CAD133D-925B-4469-A076-08D076449FC6}.Debug|Any CPU.Build.0 = Debug|Any CPU
		{2CAD133D-925B-4469-A076-08D076449FC6}.Release|Any CPU.ActiveCfg = Release|Any CPU
		{2CAD133D-925B-4469-A076-08D076449FC6}.Release|Any CPU.Build.0 = Release|Any CPU
		{A1B19C5B-F383-493B-ADE3-7D0E4D81DF11}.Debug|Any CPU.ActiveCfg = Debug|Any CPU
		{A1B19C5B-F383-493B-ADE3-7D0E4D81DF11}.Debug|Any CPU.Build.0 = Debug|Any CPU
		{A1B19C5B-F383-493B-ADE3-7D0E4D81DF11}.Release|Any CPU.ActiveCfg = Release|Any CPU
		{A1B19C5B-F383-493B-ADE3-7D0E4D81DF11}.Release|Any CPU.Build.0 = Release|Any CPU
		{0C90A475-136A-4EE5-B41C-17E56A709F41}.Debug|Any CPU.ActiveCfg = Debug|Any CPU
		{0C90A475-136A-4EE5-B41C-17E56A709F41}.Debug|Any CPU.Build.0 = Debug|Any CPU
		{0C90A475-136A-4EE5-B41C-17E56A709F41}.Release|Any CPU.ActiveCfg = Release|Any CPU
		{0C90A475-136A-4EE5-B41C-17E56A709F41}.Release|Any CPU.Build.0 = Release|Any CPU
		{627BBDC2-5D2D-4D2E-A49C-D0941CE368DB}.Debug|Any CPU.ActiveCfg = Debug|Any CPU
		{627BBDC2-5D2D-4D2E-A49C-D0941CE368DB}.Debug|Any CPU.Build.0 = Debug|Any CPU
		{627BBDC2-5D2D-4D2E-A49C-D0941CE368DB}.Release|Any CPU.ActiveCfg = Release|Any CPU
		{627BBDC2-5D2D-4D2E-A49C-D0941CE368DB}.Release|Any CPU.Build.0 = Release|Any CPU
		{4F8A256B-6002-4F82-B03A-AA7E237B4A57}.Debug|Any CPU.ActiveCfg = Debug|Any CPU
		{4F8A256B-6002-4F82-B03A-AA7E237B4A57}.Debug|Any CPU.Build.0 = Debug|Any CPU
		{4F8A256B-6002-4F82-B03A-AA7E237B4A57}.Release|Any CPU.ActiveCfg = Release|Any CPU
		{4F8A256B-6002-4F82-B03A-AA7E237B4A57}.Release|Any CPU.Build.0 = Release|Any CPU
		{09C83C99-CAF9-467E-A171-887E847F5649}.Debug|Any CPU.ActiveCfg = Debug|Any CPU
		{09C83C99-CAF9-467E-A171-887E847F5649}.Debug|Any CPU.Build.0 = Debug|Any CPU
		{09C83C99-CAF9-467E-A171-887E847F5649}.Release|Any CPU.ActiveCfg = Release|Any CPU
		{09C83C99-CAF9-467E-A171-887E847F5649}.Release|Any CPU.Build.0 = Release|Any CPU
		{BF1030A4-D702-44CF-BF42-3F24FAF09A11}.Debug|Any CPU.ActiveCfg = Debug|Any CPU
		{BF1030A4-D702-44CF-BF42-3F24FAF09A11}.Debug|Any CPU.Build.0 = Debug|Any CPU
		{BF1030A4-D702-44CF-BF42-3F24FAF09A11}.Release|Any CPU.ActiveCfg = Release|Any CPU
		{BF1030A4-D702-44CF-BF42-3F24FAF09A11}.Release|Any CPU.Build.0 = Release|Any CPU
		{851FEA47-95E6-4B8C-B5ED-BC1B793523AD}.Debug|Any CPU.ActiveCfg = Debug|Any CPU
		{851FEA47-95E6-4B8C-B5ED-BC1B793523AD}.Debug|Any CPU.Build.0 = Debug|Any CPU
		{851FEA47-95E6-4B8C-B5ED-BC1B793523AD}.Release|Any CPU.ActiveCfg = Release|Any CPU
		{851FEA47-95E6-4B8C-B5ED-BC1B793523AD}.Release|Any CPU.Build.0 = Release|Any CPU
	EndGlobalSection
	GlobalSection(SolutionProperties) = preSolution
		HideSolutionNode = FALSE
	EndGlobalSection
	GlobalSection(NestedProjects) = preSolution
		{A1B19C5B-F383-493B-ADE3-7D0E4D81DF11} = {B0664534-AC53-47C3-A0DE-864C4A37FA1B}
		{0C90A475-136A-4EE5-B41C-17E56A709F41} = {B0664534-AC53-47C3-A0DE-864C4A37FA1B}
		{627BBDC2-5D2D-4D2E-A49C-D0941CE368DB} = {600B7958-11CB-4200-9EC6-71A1DCCF05CF}
		{4F8A256B-6002-4F82-B03A-AA7E237B4A57} = {600B7958-11CB-4200-9EC6-71A1DCCF05CF}
		{09C83C99-CAF9-467E-A171-887E847F5649} = {AEA59A8F-AA62-4E0A-8033-578B7A55033E}
		{BF1030A4-D702-44CF-BF42-3F24FAF09A11} = {AEA59A8F-AA62-4E0A-8033-578B7A55033E}
		{851FEA47-95E6-4B8C-B5ED-BC1B793523AD} = {600B7958-11CB-4200-9EC6-71A1DCCF05CF}
	EndGlobalSection
	GlobalSection(ExtensibilityGlobals) = postSolution
		SolutionGuid = {C65B573E-48ED-49E0-81E0-CA844180BB9E}
	EndGlobalSection
EndGlobal
